
Microsoft Visual Studio Solution File, Format Version 12.00
# Visual Studio Version 17
VisualStudioVersion = 17.14.36414.22 d17.14
MinimumVisualStudioVersion = 10.0.40219.1
Project("{8BC9CEB8-8B4A-11D0-8D11-00A0C91BC942}") = "x86-to-C interface", "x86-to-C interface\x86-to-C interface.vcxproj", "{3EB69AB8-13CA-4F61-972F-D587DC9CFA57}"
EndProject
Global
	GlobalSection(SolutionConfigurationPlatforms) = preSolution
		Debug|x64 = Debug|x64
		Debug|x86 = Debug|x86
		Release|x64 = Release|x64
		Release|x86 = Release|x86
	EndGlobalSection
	GlobalSection(ProjectConfigurationPlatforms) = postSolution
		{3EB69AB8-13CA-4F61-972F-D587DC9CFA57}.Debug|x64.ActiveCfg = Debug|x64
		{3EB69AB8-13CA-4F61-972F-D587DC9CFA57}.Debug|x64.Build.0 = Debug|x64
		{3EB69AB8-13CA-4F61-972F-D587DC9CFA57}.Debug|x86.ActiveCfg = Debug|Win32
		{3EB69AB8-13CA-4F61-972F-D587DC9CFA57}.Debug|x86.Build.0 = Debug|Win32
		{3EB69AB8-13CA-4F61-972F-D587DC9CFA57}.Release|x64.ActiveCfg = Release|x64
		{3EB69AB8-13CA-4F61-972F-D587DC9CFA57}.Release|x64.Build.0 = Release|x64
		{3EB69AB8-13CA-4F61-972F-D587DC9CFA57}.Release|x86.ActiveCfg = Release|Win32
		{3EB69AB8-13CA-4F61-972F-D587DC9CFA57}.Release|x86.Build.0 = Release|Win32
	EndGlobalSection
	GlobalSection(SolutionProperties) = preSolution
		HideSolutionNode = FALSE
	EndGlobalSection
	GlobalSection(ExtensibilityGlobals) = postSolution
		SolutionGuid = {1F4526ED-0F17-4B6F-AE28-22B4A42B4128}
	EndGlobalSection
EndGlobal
